
Microsoft Visual Studio Solution File, Format Version 12.00
# Visual Studio 14
VisualStudioVersion = 14.0.25420.1
MinimumVisualStudioVersion = 10.0.40219.1
Project("{FAE04EC0-301F-11D3-BF4B-00C04F79EFBC}") = "ValidationEngine", "ValidationEngine\ValidationEngine.csproj", "{2455EC2B-3F2C-47ED-AFFD-5DB84958EA2C}"
EndProject
Project("{FAE04EC0-301F-11D3-BF4B-00C04F79EFBC}") = "ValidationEngineTests", "ValidationEngineTests\ValidationEngineTests.csproj", "{CAA4E194-363D-4F13-AD45-9475DCE22997}"
EndProject
Project("{2150E333-8FDC-42A3-9474-1A3956D46DE8}") = "Exercise 2", "Exercise 2", "{3D90BD81-2B8C-4D12-AE9C-B1CE83ACAB3F}"
EndProject
Project("{FAE04EC0-301F-11D3-BF4B-00C04F79EFBC}") = "TravelAgency", "TravelAgency\TravelAgency.csproj", "{76BA5687-13E2-4989-A55E-15FB8717C3E1}"
EndProject
Project("{FAE04EC0-301F-11D3-BF4B-00C04F79EFBC}") = "TravelAgencyTests", "TravelAgencyTests\TravelAgencyTests.csproj", "{0E72A5EE-AA53-426C-A609-717C94805463}"
EndProject
Project("{2150E333-8FDC-42A3-9474-1A3956D46DE8}") = "Exercise 1", "Exercise 1", "{0B4E094B-FC81-47C7-A5D3-378D6A9820A8}"
EndProject
Project("{2150E333-8FDC-42A3-9474-1A3956D46DE8}") = "Exercise 3", "Exercise 3", "{26975BE1-7CEE-44BF-A467-29BE6197BCC4}"
EndProject
Project("{2150E333-8FDC-42A3-9474-1A3956D46DE8}") = "Exercise 4", "Exercise 4", "{56393473-6861-4735-BD30-7B6BD0DF7023}"
EndProject
Project("{FAE04EC0-301F-11D3-BF4B-00C04F79EFBC}") = "StringCalc", "StringCalculator\StringCalc.csproj", "{54EA9832-61D3-4D1E-84B6-810D558119E3}"
EndProject
Project("{FAE04EC0-301F-11D3-BF4B-00C04F79EFBC}") = "StringCalculatorTests", "StringCalculatorTests\StringCalculatorTests.csproj", "{2CD46E8B-EC7D-42FB-B780-26F6FBB7BDBE}"
EndProject
Global
	GlobalSection(SolutionConfigurationPlatforms) = preSolution
		Debug|Any CPU = Debug|Any CPU
		Release|Any CPU = Release|Any CPU
	EndGlobalSection
	GlobalSection(ProjectConfigurationPlatforms) = postSolution
		{2455EC2B-3F2C-47ED-AFFD-5DB84958EA2C}.Debug|Any CPU.ActiveCfg = Debug|Any CPU
		{2455EC2B-3F2C-47ED-AFFD-5DB84958EA2C}.Debug|Any CPU.Build.0 = Debug|Any CPU
		{2455EC2B-3F2C-47ED-AFFD-5DB84958EA2C}.Release|Any CPU.ActiveCfg = Release|Any CPU
		{2455EC2B-3F2C-47ED-AFFD-5DB84958EA2C}.Release|Any CPU.Build.0 = Release|Any CPU
		{CAA4E194-363D-4F13-AD45-9475DCE22997}.Debug|Any CPU.ActiveCfg = Debug|Any CPU
		{CAA4E194-363D-4F13-AD45-9475DCE22997}.Debug|Any CPU.Build.0 = Debug|Any CPU
		{CAA4E194-363D-4F13-AD45-9475DCE22997}.Release|Any CPU.ActiveCfg = Release|Any CPU
		{CAA4E194-363D-4F13-AD45-9475DCE22997}.Release|Any CPU.Build.0 = Release|Any CPU
		{76BA5687-13E2-4989-A55E-15FB8717C3E1}.Debug|Any CPU.ActiveCfg = Debug|Any CPU
		{76BA5687-13E2-4989-A55E-15FB8717C3E1}.Debug|Any CPU.Build.0 = Debug|Any CPU
		{76BA5687-13E2-4989-A55E-15FB8717C3E1}.Release|Any CPU.ActiveCfg = Release|Any CPU
		{76BA5687-13E2-4989-A55E-15FB8717C3E1}.Release|Any CPU.Build.0 = Release|Any CPU
		{0E72A5EE-AA53-426C-A609-717C94805463}.Debug|Any CPU.ActiveCfg = Debug|Any CPU
		{0E72A5EE-AA53-426C-A609-717C94805463}.Debug|Any CPU.Build.0 = Debug|Any CPU
		{0E72A5EE-AA53-426C-A609-717C94805463}.Release|Any CPU.ActiveCfg = Release|Any CPU
		{0E72A5EE-AA53-426C-A609-717C94805463}.Release|Any CPU.Build.0 = Release|Any CPU
		{54EA9832-61D3-4D1E-84B6-810D558119E3}.Debug|Any CPU.ActiveCfg = Debug|Any CPU
		{54EA9832-61D3-4D1E-84B6-810D558119E3}.Debug|Any CPU.Build.0 = Debug|Any CPU
		{54EA9832-61D3-4D1E-84B6-810D558119E3}.Release|Any CPU.ActiveCfg = Release|Any CPU
		{54EA9832-61D3-4D1E-84B6-810D558119E3}.Release|Any CPU.Build.0 = Release|Any CPU
		{2CD46E8B-EC7D-42FB-B780-26F6FBB7BDBE}.Debug|Any CPU.ActiveCfg = Debug|Any CPU
		{2CD46E8B-EC7D-42FB-B780-26F6FBB7BDBE}.Debug|Any CPU.Build.0 = Debug|Any CPU
		{2CD46E8B-EC7D-42FB-B780-26F6FBB7BDBE}.Release|Any CPU.ActiveCfg = Release|Any CPU
		{2CD46E8B-EC7D-42FB-B780-26F6FBB7BDBE}.Release|Any CPU.Build.0 = Release|Any CPU
	EndGlobalSection
	GlobalSection(SolutionProperties) = preSolution
		HideSolutionNode = FALSE
	EndGlobalSection
	GlobalSection(NestedProjects) = preSolution
		{2455EC2B-3F2C-47ED-AFFD-5DB84958EA2C} = {0B4E094B-FC81-47C7-A5D3-378D6A9820A8}
		{CAA4E194-363D-4F13-AD45-9475DCE22997} = {0B4E094B-FC81-47C7-A5D3-378D6A9820A8}
		{76BA5687-13E2-4989-A55E-15FB8717C3E1} = {3D90BD81-2B8C-4D12-AE9C-B1CE83ACAB3F}
		{0E72A5EE-AA53-426C-A609-717C94805463} = {3D90BD81-2B8C-4D12-AE9C-B1CE83ACAB3F}
		{54EA9832-61D3-4D1E-84B6-810D558119E3} = {26975BE1-7CEE-44BF-A467-29BE6197BCC4}
		{2CD46E8B-EC7D-42FB-B780-26F6FBB7BDBE} = {26975BE1-7CEE-44BF-A467-29BE6197BCC4}
	EndGlobalSection
EndGlobal
